
Microsoft Visual Studio Solution File, Format Version 12.00
# Visual Studio Version 16
VisualStudioVersion = 16.0.29123.88
MinimumVisualStudioVersion = 10.0.40219.1
Project("{9A19103F-16F7-4668-BE54-9A1E7A4F7556}") = "DonM.Crowe.API", "DonM.Crowe.API\DonM.Crowe.API.csproj", "{FD3C9532-6211-4FAD-A577-8FAEBC7C7BF8}"
EndProject
Project("{9A19103F-16F7-4668-BE54-9A1E7A4F7556}") = "DonM.Crowe.ConsoleApp", "DonM.Crowe.ConsoleApp\DonM.Crowe.ConsoleApp.csproj", "{0D1796A0-E51C-49E5-B40C-E41E26BD8896}"
EndProject
Project("{9A19103F-16F7-4668-BE54-9A1E7A4F7556}") = "DonM.Crowe.Application", "DonM.Crowe.Application\DonM.Crowe.Application.csproj", "{50CD7F04-3530-4D68-B4FC-652612ED3114}"
EndProject
Project("{9A19103F-16F7-4668-BE54-9A1E7A4F7556}") = "DonM.Crowe.Infrastructure", "DonM.Crowe.Infrastructure\DonM.Crowe.Infrastructure.csproj", "{623421F8-8614-4DE3-A799-D7ED8FC8271F}"
EndProject
Project("{FAE04EC0-301F-11D3-BF4B-00C04F79EFBC}") = "DonM.Crowe.Test", "DonM.Crowe.Test\DonM.Crowe.Test.csproj", "{C2091A15-2C70-4DFF-985A-BBEEE3CACD46}"
EndProject
Global
	GlobalSection(SolutionConfigurationPlatforms) = preSolution
		Debug|Any CPU = Debug|Any CPU
		Release|Any CPU = Release|Any CPU
	EndGlobalSection
	GlobalSection(ProjectConfigurationPlatforms) = postSolution
		{FD3C9532-6211-4FAD-A577-8FAEBC7C7BF8}.Debug|Any CPU.ActiveCfg = Debug|Any CPU
		{FD3C9532-6211-4FAD-A577-8FAEBC7C7BF8}.Debug|Any CPU.Build.0 = Debug|Any CPU
		{FD3C9532-6211-4FAD-A577-8FAEBC7C7BF8}.Release|Any CPU.ActiveCfg = Release|Any CPU
		{FD3C9532-6211-4FAD-A577-8FAEBC7C7BF8}.Release|Any CPU.Build.0 = Release|Any CPU
		{0D1796A0-E51C-49E5-B40C-E41E26BD8896}.Debug|Any CPU.ActiveCfg = Debug|Any CPU
		{0D1796A0-E51C-49E5-B40C-E41E26BD8896}.Debug|Any CPU.Build.0 = Debug|Any CPU
		{0D1796A0-E51C-49E5-B40C-E41E26BD8896}.Release|Any CPU.ActiveCfg = Release|Any CPU
		{0D1796A0-E51C-49E5-B40C-E41E26BD8896}.Release|Any CPU.Build.0 = Release|Any CPU
		{50CD7F04-3530-4D68-B4FC-652612ED3114}.Debug|Any CPU.ActiveCfg = Debug|Any CPU
		{50CD7F04-3530-4D68-B4FC-652612ED3114}.Debug|Any CPU.Build.0 = Debug|Any CPU
		{50CD7F04-3530-4D68-B4FC-652612ED3114}.Release|Any CPU.ActiveCfg = Release|Any CPU
		{50CD7F04-3530-4D68-B4FC-652612ED3114}.Release|Any CPU.Build.0 = Release|Any CPU
		{623421F8-8614-4DE3-A799-D7ED8FC8271F}.Debug|Any CPU.ActiveCfg = Debug|Any CPU
		{623421F8-8614-4DE3-A799-D7ED8FC8271F}.Debug|Any CPU.Build.0 = Debug|Any CPU
		{623421F8-8614-4DE3-A799-D7ED8FC8271F}.Release|Any CPU.ActiveCfg = Release|Any CPU
		{623421F8-8614-4DE3-A799-D7ED8FC8271F}.Release|Any CPU.Build.0 = Release|Any CPU
		{C2091A15-2C70-4DFF-985A-BBEEE3CACD46}.Debug|Any CPU.ActiveCfg = Debug|Any CPU
		{C2091A15-2C70-4DFF-985A-BBEEE3CACD46}.Debug|Any CPU.Build.0 = Debug|Any CPU
		{C2091A15-2C70-4DFF-985A-BBEEE3CACD46}.Release|Any CPU.ActiveCfg = Release|Any CPU
		{C2091A15-2C70-4DFF-985A-BBEEE3CACD46}.Release|Any CPU.Build.0 = Release|Any CPU
	EndGlobalSection
	GlobalSection(SolutionProperties) = preSolution
		HideSolutionNode = FALSE
	EndGlobalSection
	GlobalSection(ExtensibilityGlobals) = postSolution
		SolutionGuid = {EE2C4EB2-83C6-47F9-9309-3466892AC022}
	EndGlobalSection
EndGlobal
